{
  "version": 4,
  "terraform_version": "1.1.7",
  "serial": 255,
  "lineage": "0083f7fe-f381-c8f3-d712-5c59d6659cbf",
  "outputs": {},
  "resources": [
    {
      "mode": "managed",
      "type": "aws_ebs_volume",
      "name": "vol_1",
      "provider": "provider[\"registry.terraform.io/hashicorp/aws\"]",
      "instances": [
        {
          "schema_version": 0,
          "attributes": {
            "arn": "arn:aws:ec2:ap-south-1:867353541635:volume/vol-0852f51e23741b768",
            "availability_zone": "ap-south-1a",
            "encrypted": false,
            "id": "vol-0852f51e23741b768",
            "iops": 120,
            "kms_key_id": "",
            "multi_attach_enabled": false,
            "outpost_arn": "",
            "size": 40,
            "snapshot_id": "",
            "tags": {
              "Name": "HelloWorld"
            },
            "tags_all": {
              "Name": "HelloWorld"
            },
            "throughput": 0,
            "type": "gp2"
          },
          "sensitive_attributes": [],
          "private": "bnVsbA=="
        }
      ]
    },
    {
      "mode": "managed",
      "type": "aws_instance",
      "name": "server",
      "provider": "provider[\"registry.terraform.io/hashicorp/aws\"]",
      "instances": [
        {
          "schema_version": 1,
          "attributes": {
            "ami": "ami-0e0ff68cb8e9a188a",
            "arn": "arn:aws:ec2:ap-south-1:867353541635:instance/i-088b9c5df0e27f085",
            "associate_public_ip_address": true,
            "availability_zone": "ap-south-1a",
            "capacity_reservation_specification": [
              {
                "capacity_reservation_preference": "open",
                "capacity_reservation_target": []
              }
            ],
            "cpu_core_count": 1,
            "cpu_threads_per_core": 1,
            "credit_specification": [
              {
                "cpu_credits": "standard"
              }
            ],
            "disable_api_termination": false,
            "ebs_block_device": [],
            "ebs_optimized": false,
            "enclave_options": [
              {
                "enabled": false
              }
            ],
            "ephemeral_block_device": [],
            "get_password_data": false,
            "hibernation": false,
            "host_id": null,
            "iam_instance_profile": "",
            "id": "i-088b9c5df0e27f085",
            "instance_initiated_shutdown_behavior": "stop",
            "instance_state": "running",
            "instance_type": "t2.micro",
            "ipv6_address_count": 0,
            "ipv6_addresses": [],
            "key_name": "deployer-key",
            "launch_template": [],
            "metadata_options": [
              {
                "http_endpoint": "enabled",
                "http_put_response_hop_limit": 1,
                "http_tokens": "optional",
                "instance_metadata_tags": "disabled"
              }
            ],
            "monitoring": false,
            "network_interface": [],
            "outpost_arn": "",
            "password_data": "",
            "placement_group": "",
            "placement_partition_number": null,
            "primary_network_interface_id": "eni-0d1ddaf3da7fc9536",
            "private_dns": "ip-172-31-38-220.ap-south-1.compute.internal",
            "private_ip": "172.31.38.220",
            "public_dns": "ec2-13-233-30-252.ap-south-1.compute.amazonaws.com",
            "public_ip": "13.233.30.252",
            "root_block_device": [
              {
                "delete_on_termination": true,
                "device_name": "/dev/xvda",
                "encrypted": false,
                "iops": 100,
                "kms_key_id": "",
                "tags": {},
                "throughput": 0,
                "volume_id": "vol-013d7480fd4642c25",
                "volume_size": 8,
                "volume_type": "gp2"
              }
            ],
            "secondary_private_ips": [],
            "security_groups": [
              "TSG_1"
            ],
            "source_dest_check": true,
            "subnet_id": "subnet-0775e5f526d565843",
            "tags": {
              "Name": "Server"
            },
            "tags_all": {
              "Name": "Server"
            },
            "tenancy": "default",
            "timeouts": null,
            "user_data": null,
            "user_data_base64": null,
            "volume_tags": null,
            "vpc_security_group_ids": [
              "sg-0ae05aed4d57696a8"
            ]
          },
          "sensitive_attributes": [],
          "private": "eyJlMmJmYjczMC1lY2FhLTExZTYtOGY4OC0zNDM2M2JjN2M0YzAiOnsiY3JlYXRlIjo2MDAwMDAwMDAwMDAsImRlbGV0ZSI6MTIwMDAwMDAwMDAwMCwidXBkYXRlIjo2MDAwMDAwMDAwMDB9LCJzY2hlbWFfdmVyc2lvbiI6IjEifQ==",
          "dependencies": [
            "aws_key_pair.this",
            "aws_security_group.errSG",
            "tls_private_key.this"
          ]
        }
      ]
    },
    {
      "mode": "managed",
      "type": "aws_key_pair",
      "name": "this",
      "provider": "provider[\"registry.terraform.io/hashicorp/aws\"]",
      "instances": [
        {
          "schema_version": 1,
          "attributes": {
            "arn": "arn:aws:ec2:ap-south-1:867353541635:key-pair/deployer-key",
            "fingerprint": "17:21:1d:06:27:30:2c:8b:c9:b3:71:61:d3:3c:01:ab",
            "id": "deployer-key",
            "key_name": "deployer-key",
            "key_name_prefix": "",
            "key_pair_id": "key-0d0bdd2d37881f0e5",
            "public_key": "ssh-rsa AAAAB3NzaC1yc2EAAAADAQABAAACAQDVDeUm0+6pX8BN48Mx5XQtMnmjaBQa84xR44BMD3C/POIvZrwIKkutjXPv/M2dntNZjXIa2hSeIKkPJM9f4u1Uqc0OLr6JxybkjV8KdIaslvTlel72T0xbhBFOdl63+e+Vl9YtySlTOab+ROoqnn8AHzSfjIf0WcK0J7cu2jhEU/X3ol2aSJ/BES55Al1nGJv+OR4Pvsr+qzZUdQMay6A7i5PhxfKS7UubG2oF7vUE5GpY022BN/ZjGEVcYmQuRTq9HbwRPafE8QAlG2tjfkpwLjZKCeirYfh0HtbnvSPVSK6WRwLV1arZNlOIucHLtpYC5FpQb/E99gejl6bWp2gYL9OU1D2KFC5QLOLLlrG3HuDOehN85cGiLex6+NYKnQWWJSYr4wr2PpAAYsdcnwVnJjL5dzqLYf3owq3wPEYUXMxfNM2bGms5NeDqmfAD2nUA14mpzC06xORMswixs1xLkcAYLHlMC58ICWjMRpOH54c1QblTWZthBr9v0T/xX0ZJJxCtHeJ5emtxIFFr809B953Bf83ff8AQRUUMOHd7FC2ViQNG2l26hiZSlR4E8GNW+fcV4d/JrMZFMAoYuwW5OYsgUJY1KsLggGYoNNrFzTpvCFUXSWyv70sOeBifcsUDT9uHwzvNZEG6a9jKYuCdnc22GZQMmVi45dEe5pqGSQ==",
            "tags": null,
            "tags_all": {}
          },
          "sensitive_attributes": [],
          "private": "eyJzY2hlbWFfdmVyc2lvbiI6IjEifQ==",
          "dependencies": [
            "tls_private_key.this"
          ]
        }
      ]
    },
    {
      "mode": "managed",
      "type": "aws_security_group",
      "name": "errSG",
      "provider": "provider[\"registry.terraform.io/hashicorp/aws\"]",
      "instances": [
        {
          "schema_version": 1,
          "attributes": {
            "arn": "arn:aws:ec2:ap-south-1:867353541635:security-group/sg-0ae05aed4d57696a8",
            "description": "Allow TLS inbound traffic",
            "egress": [
              {
                "cidr_blocks": [
                  "0.0.0.0/0"
                ],
                "description": "",
                "from_port": 0,
                "ipv6_cidr_blocks": [],
                "prefix_list_ids": [],
                "protocol": "-1",
                "security_groups": [],
                "self": false,
                "to_port": 0
              }
            ],
            "id": "sg-0ae05aed4d57696a8",
            "ingress": [
              {
                "cidr_blocks": [
                  "0.0.0.0/0"
                ],
                "description": "TLS from VPC",
                "from_port": 22,
                "ipv6_cidr_blocks": [],
                "prefix_list_ids": [],
                "protocol": "tcp",
                "security_groups": [],
                "self": false,
                "to_port": 80
              }
            ],
            "name": "TSG_1",
            "name_prefix": "",
            "owner_id": "867353541635",
            "revoke_rules_on_delete": false,
            "tags": {
              "Name": "deval"
            },
            "tags_all": {
              "Name": "deval"
            },
            "timeouts": null,
            "vpc_id": "vpc-0ecee780f1ee98939"
          },
          "sensitive_attributes": [],
          "private": "eyJlMmJmYjczMC1lY2FhLTExZTYtOGY4OC0zNDM2M2JjN2M0YzAiOnsiY3JlYXRlIjo2MDAwMDAwMDAwMDAsImRlbGV0ZSI6OTAwMDAwMDAwMDAwfSwic2NoZW1hX3ZlcnNpb24iOiIxIn0="
        }
      ]
    },
    {
      "mode": "managed",
      "type": "aws_volume_attachment",
      "name": "ebs_att",
      "provider": "provider[\"registry.terraform.io/hashicorp/aws\"]",
      "instances": [
        {
          "schema_version": 0,
          "attributes": {
            "device_name": "/dev/sdh",
            "force_detach": null,
            "id": "vai-3401418982",
            "instance_id": "i-088b9c5df0e27f085",
            "skip_destroy": null,
            "stop_instance_before_detaching": null,
            "volume_id": "vol-0852f51e23741b768"
          },
          "sensitive_attributes": [],
          "private": "bnVsbA==",
          "dependencies": [
            "aws_ebs_volume.vol_1",
            "aws_instance.server",
            "aws_key_pair.this",
            "aws_security_group.errSG",
            "tls_private_key.this"
          ]
        }
      ]
    },
    {
      "mode": "managed",
      "type": "tls_private_key",
      "name": "this",
      "provider": "provider[\"registry.terraform.io/hashicorp/tls\"]",
      "instances": [
        {
          "schema_version": 0,
          "attributes": {
            "algorithm": "RSA",
            "ecdsa_curve": "P224",
            "id": "ba21b01ad826488fbbce8f4c5ebe34a4ce2ff36f",
            "private_key_pem": "-----BEGIN RSA PRIVATE KEY-----\nMIIJKQIBAAKCAgEA1Q3lJtPuqV/ATePDMeV0LTJ5o2gUGvOMUeOATA9wvzziL2a8\nCCpLrY1z7/zNnZ7TWY1yGtoUniCpDyTPX+LtVKnNDi6+iccm5I1fCnSGrJb05Xpe\n9k9MW4QRTnZet/nvlZfWLckpUzmm/kTqKp5/AB80n4yH9FnCtCe3Lto4RFP196Jd\nmkifwREueQJdZxib/jkeD77K/qs2VHUDGsugO4uT4cXyku1LmxtqBe71BORqWNNt\ngTf2YxhFXGJkLkU6vR28ET2nxPEAJRtrY35KcC42Sgnoq2H4dB7W570j1UiulkcC\n1dWq2TZTiLnBy7aWAuRaUG/xPfYHo5em1qdoGC/TlNQ9ihQuUCziy5axtx7gznoT\nfOXBoi3sevjWCp0FliUmK+MK9j6QAGLHXJ8FZyYy+Xc6i2H96MKt8DxGFFzMXzTN\nmxprOTXg6pnwA9p1ANeJqcwtOsTkTLMIsbNcS5HAGCx5TAufCAlozEaTh+eHNUG5\nU1mbYQa/b9E/8V9GSScQrR3ieXprcSBRa/NPQfedwX/N33/AEEVFDDh3exQtlYkD\nRtpduoYmUpUeBPBjVvn3FeHfyazGRTAKGLsFuTmLIFCWNSrC4IBmKDTaxc06bwhV\nF0lsr+9LDngYn3LFA0/bh8M7zWRBumvYymLgnZ3NthmUDJlYuOXRHuaahkkCAwEA\nAQKCAgEAzVEvtSRmChm5ZBaLhGlAdVIAQQZK4dI1NrFMcYArwk/1FYMmz6Oa/Kyl\nvu/cYvqtaM7T2KazWdPVuD9cDWbOGlnsv68ydepTQ8wtfBDhvC9Z4E/2dd3jkwoJ\n95hBHYEibwI9KDCEv6x+julw1RObBk4MU3mFh2h9J0pi0ScBNG/JSRTSqZ01P0TE\niV9LDdB8fBklLD1MuPHcULXXARqc1uVi5R/y7b76roZTvVYUD9vj1KgkDnQU4FiC\nd05mhuS2f4vJMsA9DqDF5/ytl9sb91HBhcZYz9iBK76QkhEHGEKL5UyXoeTgWaVu\nCQQii6PwmubfVkcasACKShAaeyAnQexOhLXAym+W+Xzsrdcy5HfMHvFu9Q18BMJk\n8EFJnoPbJhVSnnToI2SWGkrpN1+cwEGSj7mzluKWFaSEakxESxE27708IZB26Ovh\nbXLf1fofPePOduvwI9FJ8ry3c7y9BTIPLO+1HiYW+Tn1qebWU/Zfn21CX4x1lLRd\ncwXUt46K4B+eFnOGpdlHha+1iTbc2ZSDyf3cLTt87qb5tV0REFovB68vyaLEG8Zq\nKbMb7xK14I7Km88siMcFRCM301AAah/KqMArfCFK/e4qGg30XMLv1ckzupLVEdCx\nEB9vc8++KAQAofXRkYHduJVhH3xsj/quJfvlJp83UEFNSpqP71UCggEBANgKkQRg\n432r0ctflbNXlSfw4KWbAV2qsjqp5DqERc4CK9D+IWJSyAnkv2BEKHpHJcB548/X\n+/3/YHSHNm56fAo/NOtTJ1xB0w4lPI2NAC9KcjnrJGX/JalhYVCSdtDcYzXIdLzb\nAnhfNDVHA2/63t66bfwxvMy2GDbpjftoQW4WPozazCm4tkhFLUloxgfLvUKh02dq\n0yNLIDqL1Wxcys/SEFIT8n/1Q9uAtTxu4VxFI6kvj/ZRi3kl8AKuSW+/+l7qKZYb\n8S3Pd38EYeN3R9ITPpkPhHFSAlIgMXsw7aZShXmyPZQvIGizuLL26QjNuDn5RDp+\nfQpzjFZvfnEqTDMCggEBAPx15V+7Hs1GACR76EEF4Ve3t7gQm78ETYmMhSJ0c00X\nZAUOQiAXofBz0wZp8y0tg3IwGmQlZWivJVbcnUX64F+chxjJFKK9FTCIGFfhSUHl\nDbWmfLLtOaKH4oA9x9lIgIshjwDa6iAG8vFXVZ1TNdaViiOK8vn51Z5nXGBU7F55\nMsgaIxUUj82hycVLv/H3a1PEHesokt2+OfjYuUbfImnevcdeEJcjEkQawMvYtKza\nGjbYWbHJCqojoB5M6VA+NbLXcGyP91n96mjFijbJ4cUxIh86NXSwKiOdZpDqlWZX\nqszZF/Xf0c9bCZ4nzUPcbMnXTcaa8ZBKMujEwLp3J5MCggEAFaKBQUH+piAlw0sQ\nL8SOkFBj/tGWAm5MqOlIjL+gSfAXuTcp2rHVjIAW1iodL5meYzcRpEfJ2XbQjvrX\nbZrgfxozT3mlUGzbGOiLttUu9o1rAPfWTkyN1feFik8QjPv1B3bKkfsQtUM7dDZn\nVrh1xzI+P2ovsQRvSlh7OnkHTGH3450pouf3gSdEULyoUDGMA3c3N30QJdGpKZPF\nTLPCL6umrMGIoF3MbNfnzmSANwBJgPDdZtplsD0nWu1fN0yvYv/qKDkmHuNO4S5s\nKx5P1+7LbwKJzdtbliPZMLAGrIhJC5XY6tUJVtLgpTNqxNHtKAkZVw5BsWE+5Y0G\nyYhl1wKCAQAkRqiL5e5aHqnclDVeSoMDwLFUcIaAnxSpJBjpR4Rd2nOTymW0CNFL\nJMl4zXaU0kpl+QWByGHW9fvOjGrI6HCfLHW5GQOvEq5dx+B/mC6Xmlsq895NM4sp\nkI76UGZMEX/u/gZ3X/1uVrFH/n2d2pwM1nX//3JEeyK33TBH40wHkzC50g+ics7r\nBEli4SyWjy/L3I1UAgOAe1oHKNUOmvdt8QSiBiEqJm70fEehwuTLRZeos9PHmRTA\nN9hFIlYQIrBCn3RXFSS8uKCbJ29hygZ3+ERn6kxOFRYpAe//+MU47HXtc3Be8ydJ\nvVIXeK6lBqJXKmnRlOgLDK5eBg+Pe5mjAoIBAQCsJkyFf8fylDAL2VLnzImZaLsp\n+PgHl3vz1Q1w5RdPbCNW5/lA5NVzbmir476miRBg21ByFcDtYdcugOEXkuJEKuDa\n1E7oX/Q+gSDFqF5VbFH6IV+EqRpBHI5DWhWGXo2g47nKb/zTT+hBqBIdFHi9hMqb\n7YYKb2i8D1dqeJ7oGepP2e6eus2PhRG222xKuGg/YddxWpjDaVUI18xMK4loGOWU\nHAFXfPQSJVAuT7UKD9RPM0FMfGu7YzgNgl0hwJwtHrNhfftK6WCr1GkcCE2+x4C3\nQ8Aq70dTh7pUvKRqzbZISI0mZK4Is5A5PqXAcnGgfM1FktU/mKfXcsm3swyO\n-----END RSA PRIVATE KEY-----\n",
            "public_key_fingerprint_md5": "8b:10:c1:06:58:ec:99:7c:58:22:47:31:ed:cb:04:d3",
            "public_key_openssh": "ssh-rsa AAAAB3NzaC1yc2EAAAADAQABAAACAQDVDeUm0+6pX8BN48Mx5XQtMnmjaBQa84xR44BMD3C/POIvZrwIKkutjXPv/M2dntNZjXIa2hSeIKkPJM9f4u1Uqc0OLr6JxybkjV8KdIaslvTlel72T0xbhBFOdl63+e+Vl9YtySlTOab+ROoqnn8AHzSfjIf0WcK0J7cu2jhEU/X3ol2aSJ/BES55Al1nGJv+OR4Pvsr+qzZUdQMay6A7i5PhxfKS7UubG2oF7vUE5GpY022BN/ZjGEVcYmQuRTq9HbwRPafE8QAlG2tjfkpwLjZKCeirYfh0HtbnvSPVSK6WRwLV1arZNlOIucHLtpYC5FpQb/E99gejl6bWp2gYL9OU1D2KFC5QLOLLlrG3HuDOehN85cGiLex6+NYKnQWWJSYr4wr2PpAAYsdcnwVnJjL5dzqLYf3owq3wPEYUXMxfNM2bGms5NeDqmfAD2nUA14mpzC06xORMswixs1xLkcAYLHlMC58ICWjMRpOH54c1QblTWZthBr9v0T/xX0ZJJxCtHeJ5emtxIFFr809B953Bf83ff8AQRUUMOHd7FC2ViQNG2l26hiZSlR4E8GNW+fcV4d/JrMZFMAoYuwW5OYsgUJY1KsLggGYoNNrFzTpvCFUXSWyv70sOeBifcsUDT9uHwzvNZEG6a9jKYuCdnc22GZQMmVi45dEe5pqGSQ==\n",
            "public_key_pem": "-----BEGIN PUBLIC KEY-----\nMIICIjANBgkqhkiG9w0BAQEFAAOCAg8AMIICCgKCAgEA1Q3lJtPuqV/ATePDMeV0\nLTJ5o2gUGvOMUeOATA9wvzziL2a8CCpLrY1z7/zNnZ7TWY1yGtoUniCpDyTPX+Lt\nVKnNDi6+iccm5I1fCnSGrJb05Xpe9k9MW4QRTnZet/nvlZfWLckpUzmm/kTqKp5/\nAB80n4yH9FnCtCe3Lto4RFP196JdmkifwREueQJdZxib/jkeD77K/qs2VHUDGsug\nO4uT4cXyku1LmxtqBe71BORqWNNtgTf2YxhFXGJkLkU6vR28ET2nxPEAJRtrY35K\ncC42Sgnoq2H4dB7W570j1UiulkcC1dWq2TZTiLnBy7aWAuRaUG/xPfYHo5em1qdo\nGC/TlNQ9ihQuUCziy5axtx7gznoTfOXBoi3sevjWCp0FliUmK+MK9j6QAGLHXJ8F\nZyYy+Xc6i2H96MKt8DxGFFzMXzTNmxprOTXg6pnwA9p1ANeJqcwtOsTkTLMIsbNc\nS5HAGCx5TAufCAlozEaTh+eHNUG5U1mbYQa/b9E/8V9GSScQrR3ieXprcSBRa/NP\nQfedwX/N33/AEEVFDDh3exQtlYkDRtpduoYmUpUeBPBjVvn3FeHfyazGRTAKGLsF\nuTmLIFCWNSrC4IBmKDTaxc06bwhVF0lsr+9LDngYn3LFA0/bh8M7zWRBumvYymLg\nnZ3NthmUDJlYuOXRHuaahkkCAwEAAQ==\n-----END PUBLIC KEY-----\n",
            "rsa_bits": 4096
          },
          "sensitive_attributes": [],
          "private": "bnVsbA=="
        }
      ]
    }
  ]
}
