{
  "version": 4,
  "terraform_version": "1.1.7",
  "serial": 28,
  "lineage": "3fce4bfd-5624-a6d9-cccd-aacfc4a3d641",
  "outputs": {},
  "resources": [
    {
      "mode": "managed",
      "type": "aws_instance",
      "name": "deval",
      "provider": "provider[\"registry.terraform.io/hashicorp/aws\"]",
      "instances": []
    },
    {
      "mode": "managed",
      "type": "aws_network_interface",
      "name": "foo",
      "provider": "provider[\"registry.terraform.io/hashicorp/aws\"]",
      "instances": [
        {
          "schema_version": 0,
          "attributes": {
            "arn": "arn:aws:ec2:eu-west-3:864416964448:network-interface/eni-0d59c7f34b6ee03e1",
            "attachment": [],
            "description": "",
            "id": "eni-0d59c7f34b6ee03e1",
            "interface_type": "interface",
            "ipv4_prefix_count": 0,
            "ipv4_prefixes": [],
            "ipv6_address_count": 0,
            "ipv6_address_list": [],
            "ipv6_address_list_enabled": false,
            "ipv6_addresses": [],
            "ipv6_prefix_count": 0,
            "ipv6_prefixes": [],
            "mac_address": "06:87:30:88:3f:26",
            "outpost_arn": "",
            "owner_id": "864416964448",
            "private_dns_name": "",
            "private_ip": "10.0.28.50",
            "private_ip_list": [
              "10.0.28.50"
            ],
            "private_ip_list_enabled": false,
            "private_ips": [
              "10.0.28.50"
            ],
            "private_ips_count": 0,
            "security_groups": [
              "sg-01be54f443ad8b9d7"
            ],
            "source_dest_check": true,
            "subnet_id": "subnet-015c195ea8e0815b8",
            "tags": {
              "Name": "primary_network_interface"
            },
            "tags_all": {
              "Name": "primary_network_interface"
            }
          },
          "sensitive_attributes": [],
          "private": "bnVsbA==",
          "dependencies": [
            "aws_subnet.pub_sub_1",
            "aws_vpc.my_vpc"
          ]
        }
      ]
    },
    {
      "mode": "managed",
      "type": "aws_security_group",
      "name": "sg_1",
      "provider": "provider[\"registry.terraform.io/hashicorp/aws\"]",
      "instances": [
        {
          "schema_version": 1,
          "attributes": {
            "arn": "arn:aws:ec2:eu-west-3:864416964448:security-group/sg-056ebc25f864cbecc",
            "description": "Managed by Terraform",
            "egress": [
              {
                "cidr_blocks": [
                  "0.0.0.0/0"
                ],
                "description": "",
                "from_port": 0,
                "ipv6_cidr_blocks": [
                  "::/0"
                ],
                "prefix_list_ids": [],
                "protocol": "-1",
                "security_groups": [],
                "self": false,
                "to_port": 0
              }
            ],
            "id": "sg-056ebc25f864cbecc",
            "ingress": [
              {
                "cidr_blocks": [
                  "10.0.0.0/16"
                ],
                "description": "TLS from VPC",
                "from_port": 22,
                "ipv6_cidr_blocks": [],
                "prefix_list_ids": [],
                "protocol": "tcp",
                "security_groups": [],
                "self": false,
                "to_port": 80
              }
            ],
            "name": "secure_1",
            "name_prefix": "",
            "owner_id": "864416964448",
            "revoke_rules_on_delete": false,
            "tags": {
              "Name": "swapnil_security"
            },
            "tags_all": {
              "Name": "swapnil_security"
            },
            "timeouts": null,
            "vpc_id": "vpc-05b357bc9d030b638"
          },
          "sensitive_attributes": [],
          "private": "eyJlMmJmYjczMC1lY2FhLTExZTYtOGY4OC0zNDM2M2JjN2M0YzAiOnsiY3JlYXRlIjo2MDAwMDAwMDAwMDAsImRlbGV0ZSI6OTAwMDAwMDAwMDAwfSwic2NoZW1hX3ZlcnNpb24iOiIxIn0=",
          "dependencies": [
            "aws_vpc.my_vpc"
          ]
        }
      ]
    },
    {
      "mode": "managed",
      "type": "aws_subnet",
      "name": "pub_sub_1",
      "provider": "provider[\"registry.terraform.io/hashicorp/aws\"]",
      "instances": [
        {
          "schema_version": 1,
          "attributes": {
            "arn": "arn:aws:ec2:eu-west-3:864416964448:subnet/subnet-015c195ea8e0815b8",
            "assign_ipv6_address_on_creation": false,
            "availability_zone": "eu-west-3a",
            "availability_zone_id": "euw3-az1",
            "cidr_block": "10.0.16.0/20",
            "customer_owned_ipv4_pool": "",
            "enable_dns64": false,
            "enable_resource_name_dns_a_record_on_launch": false,
            "enable_resource_name_dns_aaaa_record_on_launch": false,
            "id": "subnet-015c195ea8e0815b8",
            "ipv6_cidr_block": "",
            "ipv6_cidr_block_association_id": "",
            "ipv6_native": false,
            "map_customer_owned_ip_on_launch": false,
            "map_public_ip_on_launch": true,
            "outpost_arn": "",
            "owner_id": "864416964448",
            "private_dns_hostname_type_on_launch": "ip-name",
            "tags": {
              "Name": "pub_subnet"
            },
            "tags_all": {
              "Name": "pub_subnet"
            },
            "timeouts": null,
            "vpc_id": "vpc-05b357bc9d030b638"
          },
          "sensitive_attributes": [],
          "private": "eyJlMmJmYjczMC1lY2FhLTExZTYtOGY4OC0zNDM2M2JjN2M0YzAiOnsiY3JlYXRlIjo2MDAwMDAwMDAwMDAsImRlbGV0ZSI6MTIwMDAwMDAwMDAwMH0sInNjaGVtYV92ZXJzaW9uIjoiMSJ9",
          "dependencies": [
            "aws_vpc.my_vpc"
          ]
        }
      ]
    },
    {
      "mode": "managed",
      "type": "aws_vpc",
      "name": "my_vpc",
      "provider": "provider[\"registry.terraform.io/hashicorp/aws\"]",
      "instances": [
        {
          "schema_version": 1,
          "attributes": {
            "arn": "arn:aws:ec2:eu-west-3:864416964448:vpc/vpc-05b357bc9d030b638",
            "assign_generated_ipv6_cidr_block": false,
            "cidr_block": "10.0.0.0/16",
            "default_network_acl_id": "acl-028b9be4fe51abe21",
            "default_route_table_id": "rtb-0eca8c85cc0df642b",
            "default_security_group_id": "sg-01be54f443ad8b9d7",
            "dhcp_options_id": "dopt-04ff50b744339b0e9",
            "enable_classiclink": false,
            "enable_classiclink_dns_support": false,
            "enable_dns_hostnames": false,
            "enable_dns_support": true,
            "id": "vpc-05b357bc9d030b638",
            "instance_tenancy": "default",
            "ipv4_ipam_pool_id": null,
            "ipv4_netmask_length": null,
            "ipv6_association_id": "",
            "ipv6_cidr_block": "",
            "ipv6_cidr_block_network_border_group": "",
            "ipv6_ipam_pool_id": "",
            "ipv6_netmask_length": 0,
            "main_route_table_id": "rtb-0eca8c85cc0df642b",
            "owner_id": "864416964448",
            "tags": {
              "Name": "vpc_1"
            },
            "tags_all": {
              "Name": "vpc_1"
            }
          },
          "sensitive_attributes": [],
          "private": "eyJzY2hlbWFfdmVyc2lvbiI6IjEifQ=="
        }
      ]
    }
  ]
}
